
Microsoft Visual Studio Solution File, Format Version 12.00
# Visual Studio Version 17
VisualStudioVersion = 17.0.32112.339
MinimumVisualStudioVersion = 10.0.40219.1
Project("{2150E333-8FDC-42A3-9474-1A3956D46DE8}") = "services", "services", "{9CE591F0-A0A7-4930-8477-FE7873C6F50F}"
EndProject
Project("{2150E333-8FDC-42A3-9474-1A3956D46DE8}") = "Catalog", "Catalog", "{51170652-F85E-45E2-A5B9-29AC6BAB0CF1}"
EndProject
Project("{9A19103F-16F7-4668-BE54-9A1E7A4F7556}") = "Catalog.Api", "Services\Catalog\Catalog.Api\Catalog.Api.csproj", "{D4C01595-2DB5-4B4C-A67E-0F4D0FC4CB78}"
EndProject
Project("{E53339B2-1760-4266-BCC7-CA923CBCF16C}") = "docker-compose", "docker-compose.dcproj", "{5735C5E5-8116-4E80-9E5E-BE06F477D8CC}"
EndProject
Project("{2150E333-8FDC-42A3-9474-1A3956D46DE8}") = "Basket", "Basket", "{DEF21343-E241-444B-891D-64053CE240EB}"
EndProject
Project("{FAE04EC0-301F-11D3-BF4B-00C04F79EFBC}") = "Basket.Api", "..\Basket.Api\Basket.Api.csproj", "{F20CB92B-2E6B-4E48-811F-17E9D2B797BC}"
EndProject
Global
	GlobalSection(SolutionConfigurationPlatforms) = preSolution
		Debug|Any CPU = Debug|Any CPU
		Release|Any CPU = Release|Any CPU
	EndGlobalSection
	GlobalSection(ProjectConfigurationPlatforms) = postSolution
		{D4C01595-2DB5-4B4C-A67E-0F4D0FC4CB78}.Debug|Any CPU.ActiveCfg = Debug|Any CPU
		{D4C01595-2DB5-4B4C-A67E-0F4D0FC4CB78}.Debug|Any CPU.Build.0 = Debug|Any CPU
		{D4C01595-2DB5-4B4C-A67E-0F4D0FC4CB78}.Release|Any CPU.ActiveCfg = Release|Any CPU
		{D4C01595-2DB5-4B4C-A67E-0F4D0FC4CB78}.Release|Any CPU.Build.0 = Release|Any CPU
		{5735C5E5-8116-4E80-9E5E-BE06F477D8CC}.Debug|Any CPU.ActiveCfg = Debug|Any CPU
		{5735C5E5-8116-4E80-9E5E-BE06F477D8CC}.Debug|Any CPU.Build.0 = Debug|Any CPU
		{5735C5E5-8116-4E80-9E5E-BE06F477D8CC}.Release|Any CPU.ActiveCfg = Release|Any CPU
		{5735C5E5-8116-4E80-9E5E-BE06F477D8CC}.Release|Any CPU.Build.0 = Release|Any CPU
		{F20CB92B-2E6B-4E48-811F-17E9D2B797BC}.Debug|Any CPU.ActiveCfg = Debug|Any CPU
		{F20CB92B-2E6B-4E48-811F-17E9D2B797BC}.Debug|Any CPU.Build.0 = Debug|Any CPU
		{F20CB92B-2E6B-4E48-811F-17E9D2B797BC}.Release|Any CPU.ActiveCfg = Release|Any CPU
		{F20CB92B-2E6B-4E48-811F-17E9D2B797BC}.Release|Any CPU.Build.0 = Release|Any CPU
	EndGlobalSection
	GlobalSection(SolutionProperties) = preSolution
		HideSolutionNode = FALSE
	EndGlobalSection
	GlobalSection(NestedProjects) = preSolution
		{51170652-F85E-45E2-A5B9-29AC6BAB0CF1} = {9CE591F0-A0A7-4930-8477-FE7873C6F50F}
		{D4C01595-2DB5-4B4C-A67E-0F4D0FC4CB78} = {51170652-F85E-45E2-A5B9-29AC6BAB0CF1}
		{DEF21343-E241-444B-891D-64053CE240EB} = {9CE591F0-A0A7-4930-8477-FE7873C6F50F}
		{F20CB92B-2E6B-4E48-811F-17E9D2B797BC} = {DEF21343-E241-444B-891D-64053CE240EB}
	EndGlobalSection
	GlobalSection(ExtensibilityGlobals) = postSolution
		SolutionGuid = {3097F299-2029-4277-8BD9-FAD40AA888B9}
	EndGlobalSection
EndGlobal
